
Microsoft Visual Studio Solution File, Format Version 12.00
# Visual Studio Version 17
VisualStudioVersion = 17.11.35312.102
MinimumVisualStudioVersion = 10.0.40219.1
Project("{FAE04EC0-301F-11D3-BF4B-00C04F79EFBC}") = "WebApplication1", "WebApplication1\WebApplication1.csproj", "{6F661852-364B-4030-AA18-3C29F916DFA7}"
EndProject
Global
	GlobalSection(SolutionConfigurationPlatforms) = preSolution
		Debug|Any CPU = Debug|Any CPU
		Release|Any CPU = Release|Any CPU
	EndGlobalSection
	GlobalSection(ProjectConfigurationPlatforms) = postSolution
		{6F661852-364B-4030-AA18-3C29F916DFA7}.Debug|Any CPU.ActiveCfg = Debug|Any CPU
		{6F661852-364B-4030-AA18-3C29F916DFA7}.Debug|Any CPU.Build.0 = Debug|Any CPU
		{6F661852-364B-4030-AA18-3C29F916DFA7}.Release|Any CPU.ActiveCfg = Release|Any CPU
		{6F661852-364B-4030-AA18-3C29F916DFA7}.Release|Any CPU.Build.0 = Release|Any CPU
	EndGlobalSection
	GlobalSection(SolutionProperties) = preSolution
		HideSolutionNode = FALSE
	EndGlobalSection
	GlobalSection(ExtensibilityGlobals) = postSolution
		SolutionGuid = {709D5799-6258-4FCC-A435-E29E9A942BE2}
	EndGlobalSection
EndGlobal
